
Microsoft Visual Studio Solution File, Format Version 12.00
# Visual Studio 15
VisualStudioVersion = 15.0.27130.2010
MinimumVisualStudioVersion = 10.0.40219.1
Project("{FAE04EC0-301F-11D3-BF4B-00C04F79EFBC}") = "Wallpapers", "Wallpapers\Wallpapers.csproj", "{1A2B6DFC-B965-4F01-AAF6-60EB80D79BCD}"
EndProject
Global
	GlobalSection(SolutionConfigurationPlatforms) = preSolution
		Debug|Any CPU = Debug|Any CPU
		Release|Any CPU = Release|Any CPU
	EndGlobalSection
	GlobalSection(ProjectConfigurationPlatforms) = postSolution
		{1A2B6DFC-B965-4F01-AAF6-60EB80D79BCD}.Debug|Any CPU.ActiveCfg = Debug|Any CPU
		{1A2B6DFC-B965-4F01-AAF6-60EB80D79BCD}.Debug|Any CPU.Build.0 = Debug|Any CPU
		{1A2B6DFC-B965-4F01-AAF6-60EB80D79BCD}.Release|Any CPU.ActiveCfg = Release|Any CPU
		{1A2B6DFC-B965-4F01-AAF6-60EB80D79BCD}.Release|Any CPU.Build.0 = Release|Any CPU
	EndGlobalSection
	GlobalSection(SolutionProperties) = preSolution
		HideSolutionNode = FALSE
	EndGlobalSection
	GlobalSection(ExtensibilityGlobals) = postSolution
		SolutionGuid = {03B25BD9-4BF1-43B9-9196-3A1197299498}
	EndGlobalSection
EndGlobal
